// !$*UTF8*$!
{
	archiveVersion = 1;
	classes = {
	};
	objectVersion = 56;
	objects = {

/* Begin PBXBuildFile section */
		A3716CAB2A8A24BF001A207E /* Lesson_6_ChallengeApp.swift in Sources */ = {isa = PBXBuildFile; fileRef = A3716CAA2A8A24BF001A207E /* Lesson_6_ChallengeApp.swift */; };
		A3716CAD2A8A24BF001A207E /* ContentView.swift in Sources */ = {isa = PBXBuildFile; fileRef = A3716CAC2A8A24BF001A207E /* ContentView.swift */; };
		A3716CAF2A8A24C1001A207E /* Assets.xcassets in Resources */ = {isa = PBXBuildFile; fileRef = A3716CAE2A8A24C1001A207E /* Assets.xcassets */; };
		A3716CB22A8A24C1001A207E /* Preview Assets.xcassets in Resources */ = {isa = PBXBuildFile; fileRef = A3716CB12A8A24C1001A207E /* Preview Assets.xcassets */; };
		A389624D2A9B7292009A6813 /* NoteDetailView.swift in Sources */ = {isa = PBXBuildFile; fileRef = A389624C2A9B7292009A6813 /* NoteDetailView.swift */; };
		A392CD662A90CC630089A1CA /* add point for todohaha.swift in Sources */ = {isa = PBXBuildFile; fileRef = A392CD652A90CC620089A1CA /* add point for todohaha.swift */; };
		A392CD682A90D2190089A1CA /* detailv,dohw.swift in Sources */ = {isa = PBXBuildFile; fileRef = A392CD672A90D2190089A1CA /* detailv,dohw.swift */; };
		A392CD6A2A90D5580089A1CA /* detailv,sci.swift in Sources */ = {isa = PBXBuildFile; fileRef = A392CD692A90D5580089A1CA /* detailv,sci.swift */; };
		A392CD6C2A90DAC90089A1CA /* detailv,groceries.swift in Sources */ = {isa = PBXBuildFile; fileRef = A392CD6B2A90DAC90089A1CA /* detailv,groceries.swift */; };
/* End PBXBuildFile section */

/* Begin PBXFileReference section */
		A3716CA72A8A24BF001A207E /* Lesson 6 Challenge.app */ = {isa = PBXFileReference; explicitFileType = wrapper.application; includeInIndex = 0; path = "Lesson 6 Challenge.app"; sourceTree = BUILT_PRODUCTS_DIR; };
		A3716CAA2A8A24BF001A207E /* Lesson_6_ChallengeApp.swift */ = {isa = PBXFileReference; lastKnownFileType = sourcecode.swift; path = Lesson_6_ChallengeApp.swift; sourceTree = "<group>"; };
		A3716CAC2A8A24BF001A207E /* ContentView.swift */ = {isa = PBXFileReference; lastKnownFileType = sourcecode.swift; path = ContentView.swift; sourceTree = "<group>"; };
		A3716CAE2A8A24C1001A207E /* Assets.xcassets */ = {isa = PBXFileReference; lastKnownFileType = folder.assetcatalog; path = Assets.xcassets; sourceTree = "<group>"; };
		A3716CB12A8A24C1001A207E /* Preview Assets.xcassets */ = {isa = PBXFileReference; lastKnownFileType = folder.assetcatalog; path = "Preview Assets.xcassets"; sourceTree = "<group>"; };
		A389624C2A9B7292009A6813 /* NoteDetailView.swift */ = {isa = PBXFileReference; lastKnownFileType = sourcecode.swift; path = NoteDetailView.swift; sourceTree = "<group>"; };
		A392CD652A90CC620089A1CA /* add point for todohaha.swift */ = {isa = PBXFileReference; lastKnownFileType = sourcecode.swift; path = "add point for todohaha.swift"; sourceTree = "<group>"; };
		A392CD672A90D2190089A1CA /* detailv,dohw.swift */ = {isa = PBXFileReference; lastKnownFileType = sourcecode.swift; path = "detailv,dohw.swift"; sourceTree = "<group>"; };
		A392CD692A90D5580089A1CA /* detailv,sci.swift */ = {isa = PBXFileReference; lastKnownFileType = sourcecode.swift; path = "detailv,sci.swift"; sourceTree = "<group>"; };
		A392CD6B2A90DAC90089A1CA /* detailv,groceries.swift */ = {isa = PBXFileReference; lastKnownFileType = sourcecode.swift; path = "detailv,groceries.swift"; sourceTree = "<group>"; };
/* End PBXFileReference section */

/* Begin PBXFrameworksBuildPhase section */
		A3716CA42A8A24BF001A207E /* Frameworks */ = {
			isa = PBXFrameworksBuildPhase;
			buildActionMask = 2147483647;
			files = (
			);
			runOnlyForDeploymentPostprocessing = 0;
		};
/* End PBXFrameworksBuildPhase section */

/* Begin PBXGroup section */
		A3716C9E2A8A24BF001A207E = {
			isa = PBXGroup;
			children = (
				A389624C2A9B7292009A6813 /* NoteDetailView.swift */,
				A3716CA92A8A24BF001A207E /* Lesson 6 Challenge */,
				A3716CA82A8A24BF001A207E /* Products */,
			);
			sourceTree = "<group>";
		};
		A3716CA82A8A24BF001A207E /* Products */ = {
			isa = PBXGroup;
			children = (
				A3716CA72A8A24BF001A207E /* Lesson 6 Challenge.app */,
			);
			name = Products;
			sourceTree = "<group>";
		};
		A3716CA92A8A24BF001A207E /* Lesson 6 Challenge */ = {
			isa = PBXGroup;
			children = (
				A3716CAA2A8A24BF001A207E /* Lesson_6_ChallengeApp.swift */,
				A3716CAC2A8A24BF001A207E /* ContentView.swift */,
				A392CD652A90CC620089A1CA /* add point for todohaha.swift */,
				A392CD6B2A90DAC90089A1CA /* detailv,groceries.swift */,
				A392CD692A90D5580089A1CA /* detailv,sci.swift */,
				A392CD672A90D2190089A1CA /* detailv,dohw.swift */,
				A3716CAE2A8A24C1001A207E /* Assets.xcassets */,
				A3716CB02A8A24C1001A207E /* Preview Content */,
			);
			path = "Lesson 6 Challenge";
			sourceTree = "<group>";
		};
		A3716CB02A8A24C1001A207E /* Preview Content */ = {
			isa = PBXGroup;
			children = (
				A3716CB12A8A24C1001A207E /* Preview Assets.xcassets */,
			);
			path = "Preview Content";
			sourceTree = "<group>";
		};
/* End PBXGroup section */

/* Begin PBXNativeTarget section */
		A3716CA62A8A24BF001A207E /* Lesson 6 Challenge */ = {
			isa = PBXNativeTarget;
			buildConfigurationList = A3716CB52A8A24C1001A207E /* Build configuration list for PBXNativeTarget "Lesson 6 Challenge" */;
			buildPhases = (
				A3716CA32A8A24BF001A207E /* Sources */,
				A3716CA42A8A24BF001A207E /* Frameworks */,
				A3716CA52A8A24BF001A207E /* Resources */,
			);
			buildRules = (
			);
			dependencies = (
			);
			name = "Lesson 6 Challenge";
			productName = "Lesson 6 Challenge";
			productReference = A3716CA72A8A24BF001A207E /* Lesson 6 Challenge.app */;
			productType = "com.apple.product-type.application";
		};
/* End PBXNativeTarget section */

/* Begin PBXProject section */
		A3716C9F2A8A24BF001A207E /* Project object */ = {
			isa = PBXProject;
			attributes = {
				BuildIndependentTargetsInParallel = 1;
				LastSwiftUpdateCheck = 1430;
				LastUpgradeCheck = 1430;
				TargetAttributes = {
					A3716CA62A8A24BF001A207E = {
						CreatedOnToolsVersion = 14.3.1;
					};
				};
			};
			buildConfigurationList = A3716CA22A8A24BF001A207E /* Build configuration list for PBXProject "Lesson 7 Challenge" */;
			compatibilityVersion = "Xcode 14.0";
			developmentRegion = en;
			hasScannedForEncodings = 0;
			knownRegions = (
				en,
				Base,
			);
			mainGroup = A3716C9E2A8A24BF001A207E;
			productRefGroup = A3716CA82A8A24BF001A207E /* Products */;
			projectDirPath = "";
			projectRoot = "";
			targets = (
				A3716CA62A8A24BF001A207E /* Lesson 6 Challenge */,
			);
		};
/* End PBXProject section */

/* Begin PBXResourcesBuildPhase section */
		A3716CA52A8A24BF001A207E /* Resources */ = {
			isa = PBXResourcesBuildPhase;
			buildActionMask = 2147483647;
			files = (
				A3716CB22A8A24C1001A207E /* Preview Assets.xcassets in Resources */,
				A3716CAF2A8A24C1001A207E /* Assets.xcassets in Resources */,
			);
			runOnlyForDeploymentPostprocessing = 0;
		};
/* End PBXResourcesBuildPhase section */

/* Begin PBXSourcesBuildPhase section */
		A3716CA32A8A24BF001A207E /* Sources */ = {
			isa = PBXSourcesBuildPhase;
			buildActionMask = 2147483647;
			files = (
				A392CD682A90D2190089A1CA /* detailv,dohw.swift in Sources */,
				A3716CAD2A8A24BF001A207E /* ContentView.swift in Sources */,
				A392CD6C2A90DAC90089A1CA /* detailv,groceries.swift in Sources */,
				A392CD662A90CC630089A1CA /* add point for todohaha.swift in Sources */,
				A392CD6A2A90D5580089A1CA /* detailv,sci.swift in Sources */,
				A3716CAB2A8A24BF001A207E /* Lesson_6_ChallengeApp.swift in Sources */,
				A389624D2A9B7292009A6813 /* NoteDetailView.swift in Sources */,
			);
			runOnlyForDeploymentPostprocessing = 0;
		};
/* End PBXSourcesBuildPhase section */

/* Begin XCBuildConfiguration section */
		A3716CB32A8A24C1001A207E /* Debug */ = {
			isa = XCBuildConfiguration;
			buildSettings = {
				ALWAYS_SEARCH_USER_PATHS = NO;
				CLANG_ANALYZER_NONNULL = YES;
				CLANG_ANALYZER_NUMBER_OBJECT_CONVERSION = YES_AGGRESSIVE;
				CLANG_CXX_LANGUAGE_STANDARD = "gnu++20";
				CLANG_ENABLE_MODULES = YES;
				CLANG_ENABLE_OBJC_ARC = YES;
				CLANG_ENABLE_OBJC_WEAK = YES;
				CLANG_WARN_BLOCK_CAPTURE_AUTORELEASING = YES;
				CLANG_WARN_BOOL_CONVERSION = YES;
				CLANG_WARN_COMMA = YES;
				CLANG_WARN_CONSTANT_CONVERSION = YES;
				CLANG_WARN_DEPRECATED_OBJC_IMPLEMENTATIONS = YES;
				CLANG_WARN_DIRECT_OBJC_ISA_USAGE = YES_ERROR;
				CLANG_WARN_DOCUMENTATION_COMMENTS = YES;
				CLANG_WARN_EMPTY_BODY = YES;
				CLANG_WARN_ENUM_CONVERSION = YES;
				CLANG_WARN_INFINITE_RECURSION = YES;
				CLANG_WARN_INT_CONVERSION = YES;
				CLANG_WARN_NON_LITERAL_NULL_CONVERSION = YES;
				CLANG_WARN_OBJC_IMPLICIT_RETAIN_SELF = YES;
				CLANG_WARN_OBJC_LITERAL_CONVERSION = YES;
				CLANG_WARN_OBJC_ROOT_CLASS = YES_ERROR;
				CLANG_WARN_QUOTED_INCLUDE_IN_FRAMEWORK_HEADER = YES;
				CLANG_WARN_RANGE_LOOP_ANALYSIS = YES;
				CLANG_WARN_STRICT_PROTOTYPES = YES;
				CLANG_WARN_SUSPICIOUS_MOVE = YES;
				CLANG_WARN_UNGUARDED_AVAILABILITY = YES_AGGRESSIVE;
				CLANG_WARN_UNREACHABLE_CODE = YES;
				CLANG_WARN__DUPLICATE_METHOD_MATCH = YES;
				COPY_PHASE_STRIP = NO;
				DEBUG_INFORMATION_FORMAT = dwarf;
				ENABLE_STRICT_OBJC_MSGSEND = YES;
				ENABLE_TESTABILITY = YES;
				GCC_C_LANGUAGE_STANDARD = gnu11;
				GCC_DYNAMIC_NO_PIC = NO;
				GCC_NO_COMMON_BLOCKS = YES;
				GCC_OPTIMIZATION_LEVEL = 0;
				GCC_PREPROCESSOR_DEFINITIONS = (
					"DEBUG=1",
					"$(inherited)",
				);
				GCC_WARN_64_TO_32_BIT_CONVERSION = YES;
				GCC_WARN_ABOUT_RETURN_TYPE = YES_ERROR;
				GCC_WARN_UNDECLARED_SELECTOR = YES;
				GCC_WARN_UNINITIALIZED_AUTOS = YES_AGGRESSIVE;
				GCC_WARN_UNUSED_FUNCTION = YES;
				GCC_WARN_UNUSED_VARIABLE = YES;
				IPHONEOS_DEPLOYMENT_TARGET = 16.4;
				MTL_ENABLE_DEBUG_INFO = INCLUDE_SOURCE;
				MTL_FAST_MATH = YES;
				ONLY_ACTIVE_ARCH = YES;
				SDKROOT = iphoneos;
				SWIFT_ACTIVE_COMPILATION_CONDITIONS = DEBUG;
				SWIFT_OPTIMIZATION_LEVEL = "-Onone";
			};
			name = Debug;
		};
		A3716CB42A8A24C1001A207E /* Release */ = {
			isa = XCBuildConfiguration;
			buildSettings = {
				ALWAYS_SEARCH_USER_PATHS = NO;
				CLANG_ANALYZER_NONNULL = YES;
				CLANG_ANALYZER_NUMBER_OBJECT_CONVERSION = YES_AGGRESSIVE;
				CLANG_CXX_LANGUAGE_STANDARD = "gnu++20";
				CLANG_ENABLE_MODULES = YES;
				CLANG_ENABLE_OBJC_ARC = YES;
				CLANG_ENABLE_OBJC_WEAK = YES;
				CLANG_WARN_BLOCK_CAPTURE_AUTORELEASING = YES;
				CLANG_WARN_BOOL_CONVERSION = YES;
				CLANG_WARN_COMMA = YES;
				CLANG_WARN_CONSTANT_CONVERSION = YES;
				CLANG_WARN_DEPRECATED_OBJC_IMPLEMENTATIONS = YES;
				CLANG_WARN_DIRECT_OBJC_ISA_USAGE = YES_ERROR;
				CLANG_WARN_DOCUMENTATION_COMMENTS = YES;
				CLANG_WARN_EMPTY_BODY = YES;
				CLANG_WARN_ENUM_CONVERSION = YES;
				CLANG_WARN_INFINITE_RECURSION = YES;
				CLANG_WARN_INT_CONVERSION = YES;
				CLANG_WARN_NON_LITERAL_NULL_CONVERSION = YES;
				CLANG_WARN_OBJC_IMPLICIT_RETAIN_SELF = YES;
				CLANG_WARN_OBJC_LITERAL_CONVERSION = YES;
				CLANG_WARN_OBJC_ROOT_CLASS = YES_ERROR;
				CLANG_WARN_QUOTED_INCLUDE_IN_FRAMEWORK_HEADER = YES;
				CLANG_WARN_RANGE_LOOP_ANALYSIS = YES;
				CLANG_WARN_STRICT_PROTOTYPES = YES;
				CLANG_WARN_SUSPICIOUS_MOVE = YES;
				CLANG_WARN_UNGUARDED_AVAILABILITY = YES_AGGRESSIVE;
				CLANG_WARN_UNREACHABLE_CODE = YES;
				CLANG_WARN__DUPLICATE_METHOD_MATCH = YES;
				COPY_PHASE_STRIP = NO;
				DEBUG_INFORMATION_FORMAT = "dwarf-with-dsym";
				ENABLE_NS_ASSERTIONS = NO;
				ENABLE_STRICT_OBJC_MSGSEND = YES;
				GCC_C_LANGUAGE_STANDARD = gnu11;
				GCC_NO_COMMON_BLOCKS = YES;
				GCC_WARN_64_TO_32_BIT_CONVERSION = YES;
				GCC_WARN_ABOUT_RETURN_TYPE = YES_ERROR;
				GCC_WARN_UNDECLARED_SELECTOR = YES;
				GCC_WARN_UNINITIALIZED_AUTOS = YES_AGGRESSIVE;
				GCC_WARN_UNUSED_FUNCTION = YES;
				GCC_WARN_UNUSED_VARIABLE = YES;
				IPHONEOS_DEPLOYMENT_TARGET = 16.4;
				MTL_ENABLE_DEBUG_INFO = NO;
				MTL_FAST_MATH = YES;
				SDKROOT = iphoneos;
				SWIFT_COMPILATION_MODE = wholemodule;
				SWIFT_OPTIMIZATION_LEVEL = "-O";
				VALIDATE_PRODUCT = YES;
			};
			name = Release;
		};
		A3716CB62A8A24C1001A207E /* Debug */ = {
			isa = XCBuildConfiguration;
			buildSettings = {
				ASSETCATALOG_COMPILER_APPICON_NAME = AppIcon;
				ASSETCATALOG_COMPILER_GLOBAL_ACCENT_COLOR_NAME = AccentColor;
				CODE_SIGN_STYLE = Automatic;
				CURRENT_PROJECT_VERSION = 1;
				DEVELOPMENT_ASSET_PATHS = "\"Lesson 6 Challenge/Preview Content\"";
				ENABLE_PREVIEWS = YES;
				GENERATE_INFOPLIST_FILE = YES;
				INFOPLIST_KEY_UIApplicationSceneManifest_Generation = YES;
				INFOPLIST_KEY_UIApplicationSupportsIndirectInputEvents = YES;
				INFOPLIST_KEY_UILaunchScreen_Generation = YES;
				INFOPLIST_KEY_UISupportedInterfaceOrientations_iPad = "UIInterfaceOrientationPortrait UIInterfaceOrientationPortraitUpsideDown UIInterfaceOrientationLandscapeLeft UIInterfaceOrientationLandscapeRight";
				INFOPLIST_KEY_UISupportedInterfaceOrientations_iPhone = "UIInterfaceOrientationPortrait UIInterfaceOrientationLandscapeLeft UIInterfaceOrientationLandscapeRight";
				LD_RUNPATH_SEARCH_PATHS = (
					"$(inherited)",
					"@executable_path/Frameworks",
				);
				MARKETING_VERSION = 1.0;
				PRODUCT_BUNDLE_IDENTIFIER = "lili.Lesson-6-Challenge";
				PRODUCT_NAME = "$(TARGET_NAME)";
				SWIFT_EMIT_LOC_STRINGS = YES;
				SWIFT_VERSION = 5.0;
				TARGETED_DEVICE_FAMILY = "1,2";
			};
			name = Debug;
		};
		A3716CB72A8A24C1001A207E /* Release */ = {
			isa = XCBuildConfiguration;
			buildSettings = {
				ASSETCATALOG_COMPILER_APPICON_NAME = AppIcon;
				ASSETCATALOG_COMPILER_GLOBAL_ACCENT_COLOR_NAME = AccentColor;
				CODE_SIGN_STYLE = Automatic;
				CURRENT_PROJECT_VERSION = 1;
				DEVELOPMENT_ASSET_PATHS = "\"Lesson 6 Challenge/Preview Content\"";
				ENABLE_PREVIEWS = YES;
				GENERATE_INFOPLIST_FILE = YES;
				INFOPLIST_KEY_UIApplicationSceneManifest_Generation = YES;
				INFOPLIST_KEY_UIApplicationSupportsIndirectInputEvents = YES;
				INFOPLIST_KEY_UILaunchScreen_Generation = YES;
				INFOPLIST_KEY_UISupportedInterfaceOrientations_iPad = "UIInterfaceOrientationPortrait UIInterfaceOrientationPortraitUpsideDown UIInterfaceOrientationLandscapeLeft UIInterfaceOrientationLandscapeRight";
				INFOPLIST_KEY_UISupportedInterfaceOrientations_iPhone = "UIInterfaceOrientationPortrait UIInterfaceOrientationLandscapeLeft UIInterfaceOrientationLandscapeRight";
				LD_RUNPATH_SEARCH_PATHS = (
					"$(inherited)",
					"@executable_path/Frameworks",
				);
				MARKETING_VERSION = 1.0;
				PRODUCT_BUNDLE_IDENTIFIER = "lili.Lesson-6-Challenge";
				PRODUCT_NAME = "$(TARGET_NAME)";
				SWIFT_EMIT_LOC_STRINGS = YES;
				SWIFT_VERSION = 5.0;
				TARGETED_DEVICE_FAMILY = "1,2";
			};
			name = Release;
		};
/* End XCBuildConfiguration section */

/* Begin XCConfigurationList section */
		A3716CA22A8A24BF001A207E /* Build configuration list for PBXProject "Lesson 7 Challenge" */ = {
			isa = XCConfigurationList;
			buildConfigurations = (
				A3716CB32A8A24C1001A207E /* Debug */,
				A3716CB42A8A24C1001A207E /* Release */,
			);
			defaultConfigurationIsVisible = 0;
			defaultConfigurationName = Release;
		};
		A3716CB52A8A24C1001A207E /* Build configuration list for PBXNativeTarget "Lesson 6 Challenge" */ = {
			isa = XCConfigurationList;
			buildConfigurations = (
				A3716CB62A8A24C1001A207E /* Debug */,
				A3716CB72A8A24C1001A207E /* Release */,
			);
			defaultConfigurationIsVisible = 0;
			defaultConfigurationName = Release;
		};
/* End XCConfigurationList section */
	};
	rootObject = A3716C9F2A8A24BF001A207E /* Project object */;
}
